PODS:
  - ArcGIS-Runtime-SDK-iOS (100.10)
  - Google-Maps-iOS-Utils (4.1.0):
    - Google-Maps-iOS-Utils/Clustering (= 4.1.0)
    - Google-Maps-iOS-Utils/Geometry (= 4.1.0)
    - Google-Maps-iOS-Utils/GeometryUtils (= 4.1.0)
    - Google-Maps-iOS-Utils/Heatmap (= 4.1.0)
    - Google-Maps-iOS-Utils/QuadTree (= 4.1.0)
    - GoogleMaps
  - Google-Maps-iOS-Utils/Clustering (4.1.0):
    - Google-Maps-iOS-Utils/QuadTree
    - GoogleMaps
  - Google-Maps-iOS-Utils/Geometry (4.1.0):
    - GoogleMaps
  - Google-Maps-iOS-Utils/GeometryUtils (4.1.0):
    - GoogleMaps
  - Google-Maps-iOS-Utils/Heatmap (4.1.0):
    - Google-Maps-iOS-Utils/QuadTree
    - GoogleMaps
  - Google-Maps-iOS-Utils/QuadTree (4.1.0):
    - GoogleMaps
  - GoogleMaps (5.2.0):
    - GoogleMaps/Maps (= 5.2.0)
  - GoogleMaps/Base (5.2.0)
  - GoogleMaps/Maps (5.2.0):
    - GoogleMaps/Base
  - Realm (10.32.2):
    - Realm/Headers (= 10.32.2)
  - Realm/Headers (10.32.2)
  - RealmSwift (10.32.2):
    - Realm (= 10.32.2)

DEPENDENCIES:
  - ArcGIS-Runtime-SDK-iOS
  - Google-Maps-iOS-Utils
  - GoogleMaps
  - Realm
  - RealmSwift

SPEC REPOS:
  trunk:
    - ArcGIS-Runtime-SDK-iOS
    - Google-Maps-iOS-Utils
    - GoogleMaps
    - Realm
    - RealmSwift

SPEC CHECKSUMS:
  ArcGIS-Runtime-SDK-iOS: aaaca57ab80e207b1f8ee1400430242736124573
  Google-Maps-iOS-Utils: 3343332b18dfd5be8f1f44edd7d481ace3da4d9a
  GoogleMaps: 025272d5876d3b32604e5c080dc25eaf68764693
  Realm: a11d133606e898ee43ddd3c24050a382c8d3eab1
  RealmSwift: f796f7701a5efa031554d5639ef5b2d4c850bc74

PODFILE CHECKSUM: 0e4f51647df7101641d7b2fe2fade2d03452c0c2

COCOAPODS: 1.11.3
