PODS:
  - ArcGIS-Runtime-SDK-iOS (100.10)
  - Google-Maps-iOS-Utils (4.1.0):
    - Google-Maps-iOS-Utils/Clustering (= 4.1.0)
    - Google-Maps-iOS-Utils/Geometry (= 4.1.0)
    - Google-Maps-iOS-Utils/GeometryUtils (= 4.1.0)
    - Google-Maps-iOS-Utils/Heatmap (= 4.1.0)
    - Google-Maps-iOS-Utils/QuadTree (= 4.1.0)
    - GoogleMaps
  - Google-Maps-iOS-Utils/Clustering (4.1.0):
    - Google-Maps-iOS-Utils/QuadTree
    - GoogleMaps
  - Google-Maps-iOS-Utils/Geometry (4.1.0):
    - GoogleMaps
  - Google-Maps-iOS-Utils/GeometryUtils (4.1.0):
    - GoogleMaps
  - Google-Maps-iOS-Utils/Heatmap (4.1.0):
    - Google-Maps-iOS-Utils/QuadTree
    - GoogleMaps
  - Google-Maps-iOS-Utils/QuadTree (4.1.0):
    - GoogleMaps
  - GoogleMaps (5.2.0):
    - GoogleMaps/Maps (= 5.2.0)
  - GoogleMaps/Base (5.2.0)
  - GoogleMaps/Maps (5.2.0):
    - GoogleMaps/Base
  - Realm (10.19.0):
    - Realm/Headers (= 10.19.0)
  - Realm/Headers (10.19.0)
  - RealmSwift (10.19.0):
    - Realm (= 10.19.0)

DEPENDENCIES:
  - ArcGIS-Runtime-SDK-iOS
  - Google-Maps-iOS-Utils
  - GoogleMaps
  - Realm
  - RealmSwift

SPEC REPOS:
  trunk:
    - ArcGIS-Runtime-SDK-iOS
    - Google-Maps-iOS-Utils
    - GoogleMaps
    - Realm
    - RealmSwift

SPEC CHECKSUMS:
  ArcGIS-Runtime-SDK-iOS: aaaca57ab80e207b1f8ee1400430242736124573
  Google-Maps-iOS-Utils: 3343332b18dfd5be8f1f44edd7d481ace3da4d9a
  GoogleMaps: 025272d5876d3b32604e5c080dc25eaf68764693
  Realm: 869ab2a7e3bdfa6bf06d8723251539f504e6f602
  RealmSwift: f1f51c4a02fe826e5cea623b5441992f06bdc942

PODFILE CHECKSUM: 13db13c71b8f906085feb7554e87a76ef44f42cc

COCOAPODS: 1.10.1
